
Microsoft Visual Studio Solution File, Format Version 12.00
# Visual Studio Version 17
VisualStudioVersion = 17.11.35222.181
MinimumVisualStudioVersion = 10.0.40219.1
Project("{FAE04EC0-301F-11D3-BF4B-00C04F79EFBC}") = "QUAN  LY KHACH HANG", "QUAN  LY KHACH HANG\QUAN  LY KHACH HANG.csproj", "{32E175C3-709E-4CE5-8903-A0487E2D1B37}"
EndProject
Global
	GlobalSection(SolutionConfigurationPlatforms) = preSolution
		Debug|Any CPU = Debug|Any CPU
		Release|Any CPU = Release|Any CPU
	EndGlobalSection
	GlobalSection(ProjectConfigurationPlatforms) = postSolution
		{32E175C3-709E-4CE5-8903-A0487E2D1B37}.Debug|Any CPU.ActiveCfg = Debug|Any CPU
		{32E175C3-709E-4CE5-8903-A0487E2D1B37}.Debug|Any CPU.Build.0 = Debug|Any CPU
		{32E175C3-709E-4CE5-8903-A0487E2D1B37}.Release|Any CPU.ActiveCfg = Release|Any CPU
		{32E175C3-709E-4CE5-8903-A0487E2D1B37}.Release|Any CPU.Build.0 = Release|Any CPU
	EndGlobalSection
	GlobalSection(SolutionProperties) = preSolution
		HideSolutionNode = FALSE
	EndGlobalSection
	GlobalSection(ExtensibilityGlobals) = postSolution
		SolutionGuid = {7B30F902-7B56-4C41-82B2-30FE324603D2}
	EndGlobalSection
EndGlobal
